
Microsoft Visual Studio Solution File, Format Version 12.00
# Visual Studio 14
VisualStudioVersion = 14.0.23107.0
MinimumVisualStudioVersion = 10.0.40219.1
Project("{FAE04EC0-301F-11D3-BF4B-00C04F79EFBC}") = "ETest", "ETest\ETest.csproj", "{D526336E-34C0-439B-BDA2-EDFF8AC88FB2}"
EndProject
Project("{FAE04EC0-301F-11D3-BF4B-00C04F79EFBC}") = "Core", "Core\Core.csproj", "{00B368A7-F698-432A-B875-335CC2E113FF}"
EndProject
Global
	GlobalSection(SolutionConfigurationPlatforms) = preSolution
		Debug|Any CPU = Debug|Any CPU
		Release|Any CPU = Release|Any CPU
	EndGlobalSection
	GlobalSection(ProjectConfigurationPlatforms) = postSolution
		{D526336E-34C0-439B-BDA2-EDFF8AC88FB2}.Debug|Any CPU.ActiveCfg = Debug|Any CPU
		{D526336E-34C0-439B-BDA2-EDFF8AC88FB2}.Debug|Any CPU.Build.0 = Debug|Any CPU
		{D526336E-34C0-439B-BDA2-EDFF8AC88FB2}.Release|Any CPU.ActiveCfg = Release|Any CPU
		{D526336E-34C0-439B-BDA2-EDFF8AC88FB2}.Release|Any CPU.Build.0 = Release|Any CPU
		{00B368A7-F698-432A-B875-335CC2E113FF}.Debug|Any CPU.ActiveCfg = Debug|Any CPU
		{00B368A7-F698-432A-B875-335CC2E113FF}.Debug|Any CPU.Build.0 = Debug|Any CPU
		{00B368A7-F698-432A-B875-335CC2E113FF}.Release|Any CPU.ActiveCfg = Release|Any CPU
		{00B368A7-F698-432A-B875-335CC2E113FF}.Release|Any CPU.Build.0 = Release|Any CPU
	EndGlobalSection
	GlobalSection(SolutionProperties) = preSolution
		HideSolutionNode = FALSE
	EndGlobalSection
EndGlobal
